// !$*UTF8*$!
{
	archiveVersion = 1;
	classes = {
	};
	objectVersion = 46;
	objects = {

/* Begin PBXBuildFile section */
		5A86A847F4283A573680E573 /* Pods_AwesomeBoggle.framework in Frameworks */ = {isa = PBXBuildFile; fileRef = 5814A9BDC5EAAEEAD12C0396 /* Pods_AwesomeBoggle.framework */; };
		9F39CC7A21DAB09E002212AA /* HttpErrorMessage.swift in Sources */ = {isa = PBXBuildFile; fileRef = 9F39CC7921DAB09E002212AA /* HttpErrorMessage.swift */; };
		9F39CC7C21DBD6A9002212AA /* DictionaryDataLoaderTest.swift in Sources */ = {isa = PBXBuildFile; fileRef = 9F39CC7B21DBD6A9002212AA /* DictionaryDataLoaderTest.swift */; };
		9F419DBF21B6B3AA00C574EC /* WaitingForOthersViewController.swift in Sources */ = {isa = PBXBuildFile; fileRef = 9F419DBE21B6B3AA00C574EC /* WaitingForOthersViewController.swift */; };
		9F419DC121B6B48400C574EC /* WaitingForOthersView.swift in Sources */ = {isa = PBXBuildFile; fileRef = 9F419DC021B6B48400C574EC /* WaitingForOthersView.swift */; };
		9F419DC321B6BF0D00C574EC /* WaitingForOthersModel.swift in Sources */ = {isa = PBXBuildFile; fileRef = 9F419DC221B6BF0D00C574EC /* WaitingForOthersModel.swift */; };
		9F58514721CBE9C200ABC493 /* DataLayer.swift in Sources */ = {isa = PBXBuildFile; fileRef = 9F58514621CBE9C200ABC493 /* DataLayer.swift */; };
		9F678A6D21AEB948002435A2 /* RegisterViewController.swift in Sources */ = {isa = PBXBuildFile; fileRef = 9F678A6C21AEB948002435A2 /* RegisterViewController.swift */; };
		9F678A6F21AEBA5D002435A2 /* RegisterView.swift in Sources */ = {isa = PBXBuildFile; fileRef = 9F678A6E21AEBA5D002435A2 /* RegisterView.swift */; };
		9F678A7121AEBA69002435A2 /* RegisterModel.swift in Sources */ = {isa = PBXBuildFile; fileRef = 9F678A7021AEBA69002435A2 /* RegisterModel.swift */; };
		9F678A7321AEC39F002435A2 /* RegistrationService.swift in Sources */ = {isa = PBXBuildFile; fileRef = 9F678A7221AEC39F002435A2 /* RegistrationService.swift */; };
		9F7CCE7021B021AB000688D4 /* ErrorMessage.swift in Sources */ = {isa = PBXBuildFile; fileRef = 9F7CCE6F21B021AB000688D4 /* ErrorMessage.swift */; };
		9F7CCE7421B196A6000688D4 /* BaseService.swift in Sources */ = {isa = PBXBuildFile; fileRef = 9F7CCE7321B196A6000688D4 /* BaseService.swift */; };
		9F7CCE7621B2B7A1000688D4 /* UserData.swift in Sources */ = {isa = PBXBuildFile; fileRef = 9F7CCE7521B2B7A1000688D4 /* UserData.swift */; };
		9F7CCE7821B3880D000688D4 /* AvailableGamesViewController.swift in Sources */ = {isa = PBXBuildFile; fileRef = 9F7CCE7721B3880D000688D4 /* AvailableGamesViewController.swift */; };
		9F7CCE7A21B388AE000688D4 /* AvailableGamesView.swift in Sources */ = {isa = PBXBuildFile; fileRef = 9F7CCE7921B388AE000688D4 /* AvailableGamesView.swift */; };
		9F7CCE7C21B388D3000688D4 /* AvailableGamesModel.swift in Sources */ = {isa = PBXBuildFile; fileRef = 9F7CCE7B21B388D3000688D4 /* AvailableGamesModel.swift */; };
		9F7CCE7E21B409DE000688D4 /* GamesService.swift in Sources */ = {isa = PBXBuildFile; fileRef = 9F7CCE7D21B409DE000688D4 /* GamesService.swift */; };
		9F7CCE8021B40A5E000688D4 /* GameData.swift in Sources */ = {isa = PBXBuildFile; fileRef = 9F7CCE7F21B40A5E000688D4 /* GameData.swift */; };
		9F7CCE8221B42E91000688D4 /* CheckAvailabilityData.swift in Sources */ = {isa = PBXBuildFile; fileRef = 9F7CCE8121B42E91000688D4 /* CheckAvailabilityData.swift */; };
		9F8139A921B4E80E00930C5C /* AvailableGameTableViewCell.swift in Sources */ = {isa = PBXBuildFile; fileRef = 9F8139A821B4E80E00930C5C /* AvailableGameTableViewCell.swift */; };
		9F8694C021C6A86F00088238 /* LoadingViewController.swift in Sources */ = {isa = PBXBuildFile; fileRef = 9F8694BF21C6A86F00088238 /* LoadingViewController.swift */; };
		9F8694C221C6A93000088238 /* LoadingView.swift in Sources */ = {isa = PBXBuildFile; fileRef = 9F8694C121C6A93000088238 /* LoadingView.swift */; };
		9F8694C421C6A95600088238 /* LoadingModel.swift in Sources */ = {isa = PBXBuildFile; fileRef = 9F8694C321C6A95600088238 /* LoadingModel.swift */; };
		9F8694C721C7D36E00088238 /* DataLoadingStatus.swift in Sources */ = {isa = PBXBuildFile; fileRef = 9F8694C621C7D36E00088238 /* DataLoadingStatus.swift */; };
		9F9A22AC21A5D6440027A7B4 /* GradientView.swift in Sources */ = {isa = PBXBuildFile; fileRef = 9F9A22AB21A5D6440027A7B4 /* GradientView.swift */; };
		9FB3A71821D7FE20007823B2 /* Invitiation.swift in Sources */ = {isa = PBXBuildFile; fileRef = 9FB3A71721D7FE20007823B2 /* Invitiation.swift */; };
		9FCE453F21AEF16E008AADC0 /* TextField.swift in Sources */ = {isa = PBXBuildFile; fileRef = 9FCE453E21AEF16E008AADC0 /* TextField.swift */; };
		9FF3282721C5A7C700601161 /* DictionaryDataLoader.swift in Sources */ = {isa = PBXBuildFile; fileRef = 9FF3282621C5A7C700601161 /* DictionaryDataLoader.swift */; };
		9FF3282921C5A9D900601161 /* DictionaryWord.swift in Sources */ = {isa = PBXBuildFile; fileRef = 9FF3282821C5A9D900601161 /* DictionaryWord.swift */; };
		E74DF91D1E5A5A810061275E /* BoggleTableViewCell.swift in Sources */ = {isa = PBXBuildFile; fileRef = E74DF91C1E5A5A810061275E /* BoggleTableViewCell.swift */; };
		E74F01461E6B6C5D005065BB /* BoggleGame.swift in Sources */ = {isa = PBXBuildFile; fileRef = E74F01451E6B6C5D005065BB /* BoggleGame.swift */; };
		E77676E21E3A394B006B8739 /* AppDelegate.swift in Sources */ = {isa = PBXBuildFile; fileRef = E77676E11E3A394B006B8739 /* AppDelegate.swift */; };
		E77676E41E3A394B006B8739 /* BoggleViewController.swift in Sources */ = {isa = PBXBuildFile; fileRef = E77676E31E3A394B006B8739 /* BoggleViewController.swift */; };
		E77676EC1E3A394B006B8739 /* Assets.xcassets in Resources */ = {isa = PBXBuildFile; fileRef = E77676EB1E3A394B006B8739 /* Assets.xcassets */; };
		E77676EF1E3A394B006B8739 /* LaunchScreen.storyboard in Resources */ = {isa = PBXBuildFile; fileRef = E77676ED1E3A394B006B8739 /* LaunchScreen.storyboard */; };
		E77677051E3A394B006B8739 /* AwesomeBoggleUITests.swift in Sources */ = {isa = PBXBuildFile; fileRef = E77677041E3A394B006B8739 /* AwesomeBoggleUITests.swift */; };
		E77677131E3A3BEF006B8739 /* BoggleView.swift in Sources */ = {isa = PBXBuildFile; fileRef = E77677121E3A3BEF006B8739 /* BoggleView.swift */; };
		E799D9431E55E98C00C19CC7 /* DictionaryService.swift in Sources */ = {isa = PBXBuildFile; fileRef = E799D9421E55E98C00C19CC7 /* DictionaryService.swift */; };
		E7A5254E1E6CB1B500BCB328 /* MainViewController.swift in Sources */ = {isa = PBXBuildFile; fileRef = E7A5254D1E6CB1B500BCB328 /* MainViewController.swift */; };
		E7A525501E6CB25300BCB328 /* MainView.swift in Sources */ = {isa = PBXBuildFile; fileRef = E7A5254F1E6CB25300BCB328 /* MainView.swift */; };
		E7A525521E6CB27B00BCB328 /* MainModel.swift in Sources */ = {isa = PBXBuildFile; fileRef = E7A525511E6CB27B00BCB328 /* MainModel.swift */; };
		E7A525541E6CB7D200BCB328 /* GameHistoryViewController.swift in Sources */ = {isa = PBXBuildFile; fileRef = E7A525531E6CB7D200BCB328 /* GameHistoryViewController.swift */; };
		E7A525561E6CB87100BCB328 /* GameHistoryView.swift in Sources */ = {isa = PBXBuildFile; fileRef = E7A525551E6CB87100BCB328 /* GameHistoryView.swift */; };
		E7A525581E6CB87C00BCB328 /* GameHistoryModel.swift in Sources */ = {isa = PBXBuildFile; fileRef = E7A525571E6CB87C00BCB328 /* GameHistoryModel.swift */; };
		E7A5255A1E6CBDFB00BCB328 /* BoggleGameTableViewCell.swift in Sources */ = {isa = PBXBuildFile; fileRef = E7A525591E6CBDFB00BCB328 /* BoggleGameTableViewCell.swift */; };
		E7A608AB1E4CAC8500D120CC /* PaddedUILabel.swift in Sources */ = {isa = PBXBuildFile; fileRef = E7A608AA1E4CAC8500D120CC /* PaddedUILabel.swift */; };
		E7A608AF1E4CB85300D120CC /* BoggleModelTest.swift in Sources */ = {isa = PBXBuildFile; fileRef = E7A608AE1E4CB85300D120CC /* BoggleModelTest.swift */; };
		E7B3D2A11E5F2648001579D6 /* WordDetailView.swift in Sources */ = {isa = PBXBuildFile; fileRef = E7B3D2A01E5F2648001579D6 /* WordDetailView.swift */; };
		E7B3D2A31E5F2661001579D6 /* WordDetailViewController.swift in Sources */ = {isa = PBXBuildFile; fileRef = E7B3D2A21E5F2661001579D6 /* WordDetailViewController.swift */; };
		E7B3D2A51E61AF12001579D6 /* ResultsViewController.swift in Sources */ = {isa = PBXBuildFile; fileRef = E7B3D2A41E61AF12001579D6 /* ResultsViewController.swift */; };
		E7B3D2A71E61AFD1001579D6 /* ResultsModel.swift in Sources */ = {isa = PBXBuildFile; fileRef = E7B3D2A61E61AFD1001579D6 /* ResultsModel.swift */; };
		E7B3D2A91E61AFEB001579D6 /* ResultsView.swift in Sources */ = {isa = PBXBuildFile; fileRef = E7B3D2A81E61AFEB001579D6 /* ResultsView.swift */; };
		E7B3D2AB1E61B500001579D6 /* BoggleWord.swift in Sources */ = {isa = PBXBuildFile; fileRef = E7B3D2AA1E61B500001579D6 /* BoggleWord.swift */; };
		E7B3D2AD1E622698001579D6 /* ResultsModelTest.swift in Sources */ = {isa = PBXBuildFile; fileRef = E7B3D2AC1E622698001579D6 /* ResultsModelTest.swift */; };
		E7F19BCD1E48F7A600C0043F /* BoggleModel.swift in Sources */ = {isa = PBXBuildFile; fileRef = E7F19BCC1E48F7A600C0043F /* BoggleModel.swift */; };
		E7FD0EBA1E65C0CE00C2E2F1 /* WordDetailModel.swift in Sources */ = {isa = PBXBuildFile; fileRef = E7FD0EB91E65C0CE00C2E2F1 /* WordDetailModel.swift */; };
/* End PBXBuildFile section */

/* Begin PBXContainerItemProxy section */
		E77676F61E3A394B006B8739 /* PBXContainerItemProxy */ = {
			isa = PBXContainerItemProxy;
			containerPortal = E77676D61E3A394B006B8739 /* Project object */;
			proxyType = 1;
			remoteGlobalIDString = E77676DD1E3A394B006B8739;
			remoteInfo = AwesomeBoggle;
		};
		E77677011E3A394B006B8739 /* PBXContainerItemProxy */ = {
			isa = PBXContainerItemProxy;
			containerPortal = E77676D61E3A394B006B8739 /* Project object */;
			proxyType = 1;
			remoteGlobalIDString = E77676DD1E3A394B006B8739;
			remoteInfo = AwesomeBoggle;
		};
/* End PBXContainerItemProxy section */

/* Begin PBXFileReference section */
		2A610691C0D424E885DA4E4F /* Pods-AwesomeBoggle.release.xcconfig */ = {isa = PBXFileReference; includeInIndex = 1; lastKnownFileType = text.xcconfig; name = "Pods-AwesomeBoggle.release.xcconfig"; path = "Pods/Target Support Files/Pods-AwesomeBoggle/Pods-AwesomeBoggle.release.xcconfig"; sourceTree = "<group>"; };
		5814A9BDC5EAAEEAD12C0396 /* Pods_AwesomeBoggle.framework */ = {isa = PBXFileReference; explicitFileType = wrapper.framework; includeInIndex = 0; path = Pods_AwesomeBoggle.framework; sourceTree = BUILT_PRODUCTS_DIR; };
		9F39CC7921DAB09E002212AA /* HttpErrorMessage.swift */ = {isa = PBXFileReference; lastKnownFileType = sourcecode.swift; path = HttpErrorMessage.swift; sourceTree = "<group>"; };
		9F39CC7B21DBD6A9002212AA /* DictionaryDataLoaderTest.swift */ = {isa = PBXFileReference; lastKnownFileType = sourcecode.swift; path = DictionaryDataLoaderTest.swift; sourceTree = "<group>"; };
		9F419DBE21B6B3AA00C574EC /* WaitingForOthersViewController.swift */ = {isa = PBXFileReference; lastKnownFileType = sourcecode.swift; path = WaitingForOthersViewController.swift; sourceTree = "<group>"; };
		9F419DC021B6B48400C574EC /* WaitingForOthersView.swift */ = {isa = PBXFileReference; lastKnownFileType = sourcecode.swift; path = WaitingForOthersView.swift; sourceTree = "<group>"; };
		9F419DC221B6BF0D00C574EC /* WaitingForOthersModel.swift */ = {isa = PBXFileReference; lastKnownFileType = sourcecode.swift; path = WaitingForOthersModel.swift; sourceTree = "<group>"; };
		9F58514621CBE9C200ABC493 /* DataLayer.swift */ = {isa = PBXFileReference; lastKnownFileType = sourcecode.swift; path = DataLayer.swift; sourceTree = "<group>"; };
		9F678A6C21AEB948002435A2 /* RegisterViewController.swift */ = {isa = PBXFileReference; lastKnownFileType = sourcecode.swift; path = RegisterViewController.swift; sourceTree = "<group>"; };
		9F678A6E21AEBA5D002435A2 /* RegisterView.swift */ = {isa = PBXFileReference; lastKnownFileType = sourcecode.swift; path = RegisterView.swift; sourceTree = "<group>"; };
		9F678A7021AEBA69002435A2 /* RegisterModel.swift */ = {isa = PBXFileReference; lastKnownFileType = sourcecode.swift; path = RegisterModel.swift; sourceTree = "<group>"; };
		9F678A7221AEC39F002435A2 /* RegistrationService.swift */ = {isa = PBXFileReference; lastKnownFileType = sourcecode.swift; path = RegistrationService.swift; sourceTree = "<group>"; };
		9F7CCE6F21B021AB000688D4 /* ErrorMessage.swift */ = {isa = PBXFileReference; lastKnownFileType = sourcecode.swift; path = ErrorMessage.swift; sourceTree = "<group>"; };
		9F7CCE7321B196A6000688D4 /* BaseService.swift */ = {isa = PBXFileReference; lastKnownFileType = sourcecode.swift; path = BaseService.swift; sourceTree = "<group>"; };
		9F7CCE7521B2B7A1000688D4 /* UserData.swift */ = {isa = PBXFileReference; lastKnownFileType = sourcecode.swift; path = UserData.swift; sourceTree = "<group>"; };
		9F7CCE7721B3880D000688D4 /* AvailableGamesViewController.swift */ = {isa = PBXFileReference; lastKnownFileType = sourcecode.swift; path = AvailableGamesViewController.swift; sourceTree = "<group>"; };
		9F7CCE7921B388AE000688D4 /* AvailableGamesView.swift */ = {isa = PBXFileReference; lastKnownFileType = sourcecode.swift; path = AvailableGamesView.swift; sourceTree = "<group>"; };
		9F7CCE7B21B388D3000688D4 /* AvailableGamesModel.swift */ = {isa = PBXFileReference; lastKnownFileType = sourcecode.swift; path = AvailableGamesModel.swift; sourceTree = "<group>"; };
		9F7CCE7D21B409DE000688D4 /* GamesService.swift */ = {isa = PBXFileReference; lastKnownFileType = sourcecode.swift; path = GamesService.swift; sourceTree = "<group>"; };
		9F7CCE7F21B40A5E000688D4 /* GameData.swift */ = {isa = PBXFileReference; lastKnownFileType = sourcecode.swift; path = GameData.swift; sourceTree = "<group>"; };
		9F7CCE8121B42E91000688D4 /* CheckAvailabilityData.swift */ = {isa = PBXFileReference; lastKnownFileType = sourcecode.swift; path = CheckAvailabilityData.swift; sourceTree = "<group>"; };
		9F8139A821B4E80E00930C5C /* AvailableGameTableViewCell.swift */ = {isa = PBXFileReference; lastKnownFileType = sourcecode.swift; path = AvailableGameTableViewCell.swift; sourceTree = "<group>"; };
		9F8694BF21C6A86F00088238 /* LoadingViewController.swift */ = {isa = PBXFileReference; lastKnownFileType = sourcecode.swift; path = LoadingViewController.swift; sourceTree = "<group>"; };
		9F8694C121C6A93000088238 /* LoadingView.swift */ = {isa = PBXFileReference; lastKnownFileType = sourcecode.swift; path = LoadingView.swift; sourceTree = "<group>"; };
		9F8694C321C6A95600088238 /* LoadingModel.swift */ = {isa = PBXFileReference; lastKnownFileType = sourcecode.swift; path = LoadingModel.swift; sourceTree = "<group>"; };
		9F8694C621C7D36E00088238 /* DataLoadingStatus.swift */ = {isa = PBXFileReference; lastKnownFileType = sourcecode.swift; path = DataLoadingStatus.swift; sourceTree = "<group>"; };
		9F9A22AB21A5D6440027A7B4 /* GradientView.swift */ = {isa = PBXFileReference; lastKnownFileType = sourcecode.swift; path = GradientView.swift; sourceTree = "<group>"; };
		9FB3A71721D7FE20007823B2 /* Invitiation.swift */ = {isa = PBXFileReference; lastKnownFileType = sourcecode.swift; path = Invitiation.swift; sourceTree = "<group>"; };
		9FCE453E21AEF16E008AADC0 /* TextField.swift */ = {isa = PBXFileReference; lastKnownFileType = sourcecode.swift; path = TextField.swift; sourceTree = "<group>"; };
		9FF3282621C5A7C700601161 /* DictionaryDataLoader.swift */ = {isa = PBXFileReference; lastKnownFileType = sourcecode.swift; path = DictionaryDataLoader.swift; sourceTree = "<group>"; };
		9FF3282821C5A9D900601161 /* DictionaryWord.swift */ = {isa = PBXFileReference; lastKnownFileType = sourcecode.swift; path = DictionaryWord.swift; sourceTree = "<group>"; };
		E74DF91C1E5A5A810061275E /* BoggleTableViewCell.swift */ = {isa = PBXFileReference; fileEncoding = 4; lastKnownFileType = sourcecode.swift; path = BoggleTableViewCell.swift; sourceTree = "<group>"; };
		E74F01451E6B6C5D005065BB /* BoggleGame.swift */ = {isa = PBXFileReference; fileEncoding = 4; lastKnownFileType = sourcecode.swift; path = BoggleGame.swift; sourceTree = "<group>"; };
		E77676DE1E3A394B006B8739 /* AwesomeBoggle.app */ = {isa = PBXFileReference; explicitFileType = wrapper.application; includeInIndex = 0; path = AwesomeBoggle.app; sourceTree = BUILT_PRODUCTS_DIR; };
		E77676E11E3A394B006B8739 /* AppDelegate.swift */ = {isa = PBXFileReference; lastKnownFileType = sourcecode.swift; path = AppDelegate.swift; sourceTree = "<group>"; };
		E77676E31E3A394B006B8739 /* BoggleViewController.swift */ = {isa = PBXFileReference; lastKnownFileType = sourcecode.swift; path = BoggleViewController.swift; sourceTree = "<group>"; };
		E77676EB1E3A394B006B8739 /* Assets.xcassets */ = {isa = PBXFileReference; lastKnownFileType = folder.assetcatalog; path = Assets.xcassets; sourceTree = "<group>"; };
		E77676EE1E3A394B006B8739 /* Base */ = {isa = PBXFileReference; lastKnownFileType = file.storyboard; name = Base; path = Base.lproj/LaunchScreen.storyboard; sourceTree = "<group>"; };
		E77676F01E3A394B006B8739 /* Info.plist */ = {isa = PBXFileReference; lastKnownFileType = text.plist.xml; path = Info.plist; sourceTree = "<group>"; };
		E77676F51E3A394B006B8739 /* AwesomeBoggleTests.xctest */ = {isa = PBXFileReference; explicitFileType = wrapper.cfbundle; includeInIndex = 0; path = AwesomeBoggleTests.xctest; sourceTree = BUILT_PRODUCTS_DIR; };
		E77676FB1E3A394B006B8739 /* Info.plist */ = {isa = PBXFileReference; lastKnownFileType = text.plist.xml; path = Info.plist; sourceTree = "<group>"; };
		E77677001E3A394B006B8739 /* AwesomeBoggleUITests.xctest */ = {isa = PBXFileReference; explicitFileType = wrapper.cfbundle; includeInIndex = 0; path = AwesomeBoggleUITests.xctest; sourceTree = BUILT_PRODUCTS_DIR; };
		E77677041E3A394B006B8739 /* AwesomeBoggleUITests.swift */ = {isa = PBXFileReference; lastKnownFileType = sourcecode.swift; path = AwesomeBoggleUITests.swift; sourceTree = "<group>"; };
		E77677061E3A394B006B8739 /* Info.plist */ = {isa = PBXFileReference; lastKnownFileType = text.plist.xml; path = Info.plist; sourceTree = "<group>"; };
		E77677121E3A3BEF006B8739 /* BoggleView.swift */ = {isa = PBXFileReference; fileEncoding = 4; lastKnownFileType = sourcecode.swift; path = BoggleView.swift; sourceTree = "<group>"; };
		E799D9421E55E98C00C19CC7 /* DictionaryService.swift */ = {isa = PBXFileReference; fileEncoding = 4; lastKnownFileType = sourcecode.swift; path = DictionaryService.swift; sourceTree = "<group>"; };
		E7A5254D1E6CB1B500BCB328 /* MainViewController.swift */ = {isa = PBXFileReference; fileEncoding = 4; lastKnownFileType = sourcecode.swift; path = MainViewController.swift; sourceTree = "<group>"; };
		E7A5254F1E6CB25300BCB328 /* MainView.swift */ = {isa = PBXFileReference; fileEncoding = 4; lastKnownFileType = sourcecode.swift; path = MainView.swift; sourceTree = "<group>"; };
		E7A525511E6CB27B00BCB328 /* MainModel.swift */ = {isa = PBXFileReference; fileEncoding = 4; lastKnownFileType = sourcecode.swift; path = MainModel.swift; sourceTree = "<group>"; };
		E7A525531E6CB7D200BCB328 /* GameHistoryViewController.swift */ = {isa = PBXFileReference; fileEncoding = 4; lastKnownFileType = sourcecode.swift; path = GameHistoryViewController.swift; sourceTree = "<group>"; };
		E7A525551E6CB87100BCB328 /* GameHistoryView.swift */ = {isa = PBXFileReference; fileEncoding = 4; lastKnownFileType = sourcecode.swift; path = GameHistoryView.swift; sourceTree = "<group>"; };
		E7A525571E6CB87C00BCB328 /* GameHistoryModel.swift */ = {isa = PBXFileReference; fileEncoding = 4; lastKnownFileType = sourcecode.swift; path = GameHistoryModel.swift; sourceTree = "<group>"; };
		E7A525591E6CBDFB00BCB328 /* BoggleGameTableViewCell.swift */ = {isa = PBXFileReference; fileEncoding = 4; lastKnownFileType = sourcecode.swift; path = BoggleGameTableViewCell.swift; sourceTree = "<group>"; };
		E7A608AA1E4CAC8500D120CC /* PaddedUILabel.swift */ = {isa = PBXFileReference; fileEncoding = 4; lastKnownFileType = sourcecode.swift; path = PaddedUILabel.swift; sourceTree = "<group>"; };
		E7A608AE1E4CB85300D120CC /* BoggleModelTest.swift */ = {isa = PBXFileReference; fileEncoding = 4; lastKnownFileType = sourcecode.swift; path = BoggleModelTest.swift; sourceTree = "<group>"; };
		E7B3D2A01E5F2648001579D6 /* WordDetailView.swift */ = {isa = PBXFileReference; fileEncoding = 4; lastKnownFileType = sourcecode.swift; path = WordDetailView.swift; sourceTree = "<group>"; };
		E7B3D2A21E5F2661001579D6 /* WordDetailViewController.swift */ = {isa = PBXFileReference; fileEncoding = 4; lastKnownFileType = sourcecode.swift; path = WordDetailViewController.swift; sourceTree = "<group>"; };
		E7B3D2A41E61AF12001579D6 /* ResultsViewController.swift */ = {isa = PBXFileReference; fileEncoding = 4; lastKnownFileType = sourcecode.swift; path = ResultsViewController.swift; sourceTree = "<group>"; };
		E7B3D2A61E61AFD1001579D6 /* ResultsModel.swift */ = {isa = PBXFileReference; fileEncoding = 4; lastKnownFileType = sourcecode.swift; path = ResultsModel.swift; sourceTree = "<group>"; };
		E7B3D2A81E61AFEB001579D6 /* ResultsView.swift */ = {isa = PBXFileReference; fileEncoding = 4; lastKnownFileType = sourcecode.swift; path = ResultsView.swift; sourceTree = "<group>"; };
		E7B3D2AA1E61B500001579D6 /* BoggleWord.swift */ = {isa = PBXFileReference; fileEncoding = 4; lastKnownFileType = sourcecode.swift; path = BoggleWord.swift; sourceTree = "<group>"; };
		E7B3D2AC1E622698001579D6 /* ResultsModelTest.swift */ = {isa = PBXFileReference; fileEncoding = 4; lastKnownFileType = sourcecode.swift; path = ResultsModelTest.swift; sourceTree = "<group>"; };
		E7F19BCC1E48F7A600C0043F /* BoggleModel.swift */ = {isa = PBXFileReference; fileEncoding = 4; lastKnownFileType = sourcecode.swift; path = BoggleModel.swift; sourceTree = "<group>"; };
		E7FD0EB91E65C0CE00C2E2F1 /* WordDetailModel.swift */ = {isa = PBXFileReference; fileEncoding = 4; lastKnownFileType = sourcecode.swift; path = WordDetailModel.swift; sourceTree = "<group>"; };
		EFB8B94730E7791494BA5DDE /* Pods-AwesomeBoggle.debug.xcconfig */ = {isa = PBXFileReference; includeInIndex = 1; lastKnownFileType = text.xcconfig; name = "Pods-AwesomeBoggle.debug.xcconfig"; path = "Pods/Target Support Files/Pods-AwesomeBoggle/Pods-AwesomeBoggle.debug.xcconfig"; sourceTree = "<group>"; };
/* End PBXFileReference section */

/* Begin PBXFrameworksBuildPhase section */
		E77676DB1E3A394B006B8739 /* Frameworks */ = {
			isa = PBXFrameworksBuildPhase;
			buildActionMask = 2147483647;
			files = (
				5A86A847F4283A573680E573 /* Pods_AwesomeBoggle.framework in Frameworks */,
			);
			runOnlyForDeploymentPostprocessing = 0;
		};
		E77676F21E3A394B006B8739 /* Frameworks */ = {
			isa = PBXFrameworksBuildPhase;
			buildActionMask = 2147483647;
			files = (
			);
			runOnlyForDeploymentPostprocessing = 0;
		};
		E77676FD1E3A394B006B8739 /* Frameworks */ = {
			isa = PBXFrameworksBuildPhase;
			buildActionMask = 2147483647;
			files = (
			);
			runOnlyForDeploymentPostprocessing = 0;
		};
/* End PBXFrameworksBuildPhase section */

/* Begin PBXGroup section */
		6F0063F6AD348256E2B68A67 /* Pods */ = {
			isa = PBXGroup;
			children = (
				EFB8B94730E7791494BA5DDE /* Pods-AwesomeBoggle.debug.xcconfig */,
				2A610691C0D424E885DA4E4F /* Pods-AwesomeBoggle.release.xcconfig */,
			);
			name = Pods;
			sourceTree = "<group>";
		};
		E77676D51E3A394B006B8739 = {
			isa = PBXGroup;
			children = (
				9F39CC7921DAB09E002212AA /* HttpErrorMessage.swift */,
				E77676E01E3A394B006B8739 /* AwesomeBoggle */,
				E77676F81E3A394B006B8739 /* AwesomeBoggleTests */,
				E77677031E3A394B006B8739 /* AwesomeBoggleUITests */,
				E77676DF1E3A394B006B8739 /* Products */,
				6F0063F6AD348256E2B68A67 /* Pods */,
				F3C197D65FECFC53A987526C /* Frameworks */,
			);
			sourceTree = "<group>";
		};
		E77676DF1E3A394B006B8739 /* Products */ = {
			isa = PBXGroup;
			children = (
				E77676DE1E3A394B006B8739 /* AwesomeBoggle.app */,
				E77676F51E3A394B006B8739 /* AwesomeBoggleTests.xctest */,
				E77677001E3A394B006B8739 /* AwesomeBoggleUITests.xctest */,
			);
			name = Products;
			sourceTree = "<group>";
		};
		E77676E01E3A394B006B8739 /* AwesomeBoggle */ = {
			isa = PBXGroup;
			children = (
				E77676E11E3A394B006B8739 /* AppDelegate.swift */,
				E77676EB1E3A394B006B8739 /* Assets.xcassets */,
				9F7CCE7B21B388D3000688D4 /* AvailableGamesModel.swift */,
				9F7CCE7921B388AE000688D4 /* AvailableGamesView.swift */,
				9F7CCE7721B3880D000688D4 /* AvailableGamesViewController.swift */,
				9F8139A821B4E80E00930C5C /* AvailableGameTableViewCell.swift */,
				9F7CCE7321B196A6000688D4 /* BaseService.swift */,
				E74F01451E6B6C5D005065BB /* BoggleGame.swift */,
				E7A525591E6CBDFB00BCB328 /* BoggleGameTableViewCell.swift */,
				E7F19BCC1E48F7A600C0043F /* BoggleModel.swift */,
				E74DF91C1E5A5A810061275E /* BoggleTableViewCell.swift */,
				E77677121E3A3BEF006B8739 /* BoggleView.swift */,
				E77676E31E3A394B006B8739 /* BoggleViewController.swift */,
				E7B3D2AA1E61B500001579D6 /* BoggleWord.swift */,
				9F7CCE8121B42E91000688D4 /* CheckAvailabilityData.swift */,
				9F58514621CBE9C200ABC493 /* DataLayer.swift */,
				9F8694C621C7D36E00088238 /* DataLoadingStatus.swift */,
				9FF3282621C5A7C700601161 /* DictionaryDataLoader.swift */,
				E799D9421E55E98C00C19CC7 /* DictionaryService.swift */,
				9FF3282821C5A9D900601161 /* DictionaryWord.swift */,
				9F7CCE6F21B021AB000688D4 /* ErrorMessage.swift */,
				9F7CCE7F21B40A5E000688D4 /* GameData.swift */,
				E7A525571E6CB87C00BCB328 /* GameHistoryModel.swift */,
				E7A525551E6CB87100BCB328 /* GameHistoryView.swift */,
				E7A525531E6CB7D200BCB328 /* GameHistoryViewController.swift */,
				9F7CCE7D21B409DE000688D4 /* GamesService.swift */,
				9F9A22AB21A5D6440027A7B4 /* GradientView.swift */,
				E77676F01E3A394B006B8739 /* Info.plist */,
				9FB3A71721D7FE20007823B2 /* Invitiation.swift */,
				E77676ED1E3A394B006B8739 /* LaunchScreen.storyboard */,
				9F8694C321C6A95600088238 /* LoadingModel.swift */,
				9F8694C121C6A93000088238 /* LoadingView.swift */,
				9F8694BF21C6A86F00088238 /* LoadingViewController.swift */,
				E7A525511E6CB27B00BCB328 /* MainModel.swift */,
				E7A5254F1E6CB25300BCB328 /* MainView.swift */,
				E7A5254D1E6CB1B500BCB328 /* MainViewController.swift */,
				E7A608AA1E4CAC8500D120CC /* PaddedUILabel.swift */,
				9F678A7021AEBA69002435A2 /* RegisterModel.swift */,
				9F678A6E21AEBA5D002435A2 /* RegisterView.swift */,
				9F678A6C21AEB948002435A2 /* RegisterViewController.swift */,
				9F678A7221AEC39F002435A2 /* RegistrationService.swift */,
				E7B3D2A61E61AFD1001579D6 /* ResultsModel.swift */,
				E7B3D2A81E61AFEB001579D6 /* ResultsView.swift */,
				E7B3D2A41E61AF12001579D6 /* ResultsViewController.swift */,
				9FCE453E21AEF16E008AADC0 /* TextField.swift */,
				9F7CCE7521B2B7A1000688D4 /* UserData.swift */,
				9F419DC221B6BF0D00C574EC /* WaitingForOthersModel.swift */,
				9F419DC021B6B48400C574EC /* WaitingForOthersView.swift */,
				9F419DBE21B6B3AA00C574EC /* WaitingForOthersViewController.swift */,
				E7FD0EB91E65C0CE00C2E2F1 /* WordDetailModel.swift */,
				E7B3D2A01E5F2648001579D6 /* WordDetailView.swift */,
				E7B3D2A21E5F2661001579D6 /* WordDetailViewController.swift */,
			);
			path = AwesomeBoggle;
			sourceTree = "<group>";
		};
		E77676F81E3A394B006B8739 /* AwesomeBoggleTests */ = {
			isa = PBXGroup;
			children = (
				E7A608AE1E4CB85300D120CC /* BoggleModelTest.swift */,
				9F39CC7B21DBD6A9002212AA /* DictionaryDataLoaderTest.swift */,
				E77676FB1E3A394B006B8739 /* Info.plist */,
				E7B3D2AC1E622698001579D6 /* ResultsModelTest.swift */,
			);
			path = AwesomeBoggleTests;
			sourceTree = "<group>";
		};
		E77677031E3A394B006B8739 /* AwesomeBoggleUITests */ = {
			isa = PBXGroup;
			children = (
				E77677041E3A394B006B8739 /* AwesomeBoggleUITests.swift */,
				E77677061E3A394B006B8739 /* Info.plist */,
			);
			path = AwesomeBoggleUITests;
			sourceTree = "<group>";
		};
		F3C197D65FECFC53A987526C /* Frameworks */ = {
			isa = PBXGroup;
			children = (
				5814A9BDC5EAAEEAD12C0396 /* Pods_AwesomeBoggle.framework */,
			);
			name = Frameworks;
			sourceTree = "<group>";
		};
/* End PBXGroup section */

/* Begin PBXNativeTarget section */
		E77676DD1E3A394B006B8739 /* AwesomeBoggle */ = {
			isa = PBXNativeTarget;
			buildConfigurationList = E77677091E3A394B006B8739 /* Build configuration list for PBXNativeTarget "AwesomeBoggle" */;
			buildPhases = (
				6F51C5683782CAC0FFE6413A /* [CP] Check Pods Manifest.lock */,
				E77676DA1E3A394B006B8739 /* Sources */,
				E77676DB1E3A394B006B8739 /* Frameworks */,
				E77676DC1E3A394B006B8739 /* Resources */,
				19FF305904AD7A83E7F9CF7B /* [CP] Embed Pods Frameworks */,
			);
			buildRules = (
			);
			dependencies = (
			);
			name = AwesomeBoggle;
			productName = AwesomeBoggle;
			productReference = E77676DE1E3A394B006B8739 /* AwesomeBoggle.app */;
			productType = "com.apple.product-type.application";
		};
		E77676F41E3A394B006B8739 /* AwesomeBoggleTests */ = {
			isa = PBXNativeTarget;
			buildConfigurationList = E776770C1E3A394B006B8739 /* Build configuration list for PBXNativeTarget "AwesomeBoggleTests" */;
			buildPhases = (
				E77676F11E3A394B006B8739 /* Sources */,
				E77676F21E3A394B006B8739 /* Frameworks */,
				E77676F31E3A394B006B8739 /* Resources */,
			);
			buildRules = (
			);
			dependencies = (
				E77676F71E3A394B006B8739 /* PBXTargetDependency */,
			);
			name = AwesomeBoggleTests;
			productName = AwesomeBoggleTests;
			productReference = E77676F51E3A394B006B8739 /* AwesomeBoggleTests.xctest */;
			productType = "com.apple.product-type.bundle.unit-test";
		};
		E77676FF1E3A394B006B8739 /* AwesomeBoggleUITests */ = {
			isa = PBXNativeTarget;
			buildConfigurationList = E776770F1E3A394B006B8739 /* Build configuration list for PBXNativeTarget "AwesomeBoggleUITests" */;
			buildPhases = (
				E77676FC1E3A394B006B8739 /* Sources */,
				E77676FD1E3A394B006B8739 /* Frameworks */,
				E77676FE1E3A394B006B8739 /* Resources */,
			);
			buildRules = (
			);
			dependencies = (
				E77677021E3A394B006B8739 /* PBXTargetDependency */,
			);
			name = AwesomeBoggleUITests;
			productName = AwesomeBoggleUITests;
			productReference = E77677001E3A394B006B8739 /* AwesomeBoggleUITests.xctest */;
			productType = "com.apple.product-type.bundle.ui-testing";
		};
/* End PBXNativeTarget section */

/* Begin PBXProject section */
		E77676D61E3A394B006B8739 /* Project object */ = {
			isa = PBXProject;
			attributes = {
				LastSwiftUpdateCheck = 0820;
				LastUpgradeCheck = 1010;
				ORGANIZATIONNAME = "Matt Todd";
				TargetAttributes = {
					E77676DD1E3A394B006B8739 = {
						CreatedOnToolsVersion = 8.2.1;
						DevelopmentTeam = 2A4BC23G3E;
						LastSwiftMigration = 0900;
						ProvisioningStyle = Automatic;
					};
					E77676F41E3A394B006B8739 = {
						CreatedOnToolsVersion = 8.2.1;
						DevelopmentTeam = 2A4BC23G3E;
						LastSwiftMigration = 0900;
						ProvisioningStyle = Automatic;
						TestTargetID = E77676DD1E3A394B006B8739;
					};
					E77676FF1E3A394B006B8739 = {
						CreatedOnToolsVersion = 8.2.1;
						DevelopmentTeam = 2A4BC23G3E;
						LastSwiftMigration = 0900;
						ProvisioningStyle = Automatic;
						TestTargetID = E77676DD1E3A394B006B8739;
					};
				};
			};
			buildConfigurationList = E77676D91E3A394B006B8739 /* Build configuration list for PBXProject "AwesomeBoggle" */;
			compatibilityVersion = "Xcode 3.2";
			developmentRegion = English;
			hasScannedForEncodings = 0;
			knownRegions = (
				en,
				Base,
			);
			mainGroup = E77676D51E3A394B006B8739;
			productRefGroup = E77676DF1E3A394B006B8739 /* Products */;
			projectDirPath = "";
			projectRoot = "";
			targets = (
				E77676DD1E3A394B006B8739 /* AwesomeBoggle */,
				E77676F41E3A394B006B8739 /* AwesomeBoggleTests */,
				E77676FF1E3A394B006B8739 /* AwesomeBoggleUITests */,
			);
		};
/* End PBXProject section */

/* Begin PBXResourcesBuildPhase section */
		E77676DC1E3A394B006B8739 /* Resources */ = {
			isa = PBXResourcesBuildPhase;
			buildActionMask = 2147483647;
			files = (
				E77676EF1E3A394B006B8739 /* LaunchScreen.storyboard in Resources */,
				E77676EC1E3A394B006B8739 /* Assets.xcassets in Resources */,
			);
			runOnlyForDeploymentPostprocessing = 0;
		};
		E77676F31E3A394B006B8739 /* Resources */ = {
			isa = PBXResourcesBuildPhase;
			buildActionMask = 2147483647;
			files = (
			);
			runOnlyForDeploymentPostprocessing = 0;
		};
		E77676FE1E3A394B006B8739 /* Resources */ = {
			isa = PBXResourcesBuildPhase;
			buildActionMask = 2147483647;
			files = (
			);
			runOnlyForDeploymentPostprocessing = 0;
		};
/* End PBXResourcesBuildPhase section */

/* Begin PBXShellScriptBuildPhase section */
		19FF305904AD7A83E7F9CF7B /* [CP] Embed Pods Frameworks */ = {
			isa = PBXShellScriptBuildPhase;
			buildActionMask = 2147483647;
			files = (
			);
			inputFileListPaths = (
			);
			inputPaths = (
				"${SRCROOT}/Pods/Target Support Files/Pods-AwesomeBoggle/Pods-AwesomeBoggle-frameworks.sh",
				"${BUILT_PRODUCTS_DIR}/Alamofire/Alamofire.framework",
				"${BUILT_PRODUCTS_DIR}/SQLite.swift/SQLite.framework",
			);
			name = "[CP] Embed Pods Frameworks";
			outputFileListPaths = (
			);
			outputPaths = (
				"${TARGET_BUILD_DIR}/${FRAMEWORKS_FOLDER_PATH}/Alamofire.framework",
				"${TARGET_BUILD_DIR}/${FRAMEWORKS_FOLDER_PATH}/SQLite.framework",
			);
			runOnlyForDeploymentPostprocessing = 0;
			shellPath = /bin/sh;
			shellScript = "\"${SRCROOT}/Pods/Target Support Files/Pods-AwesomeBoggle/Pods-AwesomeBoggle-frameworks.sh\"\n";
			showEnvVarsInLog = 0;
		};
		6F51C5683782CAC0FFE6413A /* [CP] Check Pods Manifest.lock */ = {
			isa = PBXShellScriptBuildPhase;
			buildActionMask = 2147483647;
			files = (
			);
			inputFileListPaths = (
			);
			inputPaths = (
				"${PODS_PODFILE_DIR_PATH}/Podfile.lock",
				"${PODS_ROOT}/Manifest.lock",
			);
			name = "[CP] Check Pods Manifest.lock";
			outputFileListPaths = (
			);
			outputPaths = (
				"$(DERIVED_FILE_DIR)/Pods-AwesomeBoggle-checkManifestLockResult.txt",
			);
			runOnlyForDeploymentPostprocessing = 0;
			shellPath = /bin/sh;
			shellScript = "diff \"${PODS_PODFILE_DIR_PATH}/Podfile.lock\" \"${PODS_ROOT}/Manifest.lock\" > /dev/null\nif [ $? != 0 ] ; then\n    # print error to STDERR\n    echo \"error: The sandbox is not in sync with the Podfile.lock. Run 'pod install' or update your CocoaPods installation.\" >&2\n    exit 1\nfi\n# This output is used by Xcode 'outputs' to avoid re-running this script phase.\necho \"SUCCESS\" > \"${SCRIPT_OUTPUT_FILE_0}\"\n";
			showEnvVarsInLog = 0;
		};
/* End PBXShellScriptBuildPhase section */

/* Begin PBXSourcesBuildPhase section */
		E77676DA1E3A394B006B8739 /* Sources */ = {
			isa = PBXSourcesBuildPhase;
			buildActionMask = 2147483647;
			files = (
				9F678A7321AEC39F002435A2 /* RegistrationService.swift in Sources */,
				9F7CCE8221B42E91000688D4 /* CheckAvailabilityData.swift in Sources */,
				9F419DC321B6BF0D00C574EC /* WaitingForOthersModel.swift in Sources */,
				9F8139A921B4E80E00930C5C /* AvailableGameTableViewCell.swift in Sources */,
				E7B3D2A71E61AFD1001579D6 /* ResultsModel.swift in Sources */,
				9F8694C221C6A93000088238 /* LoadingView.swift in Sources */,
				E7A608AB1E4CAC8500D120CC /* PaddedUILabel.swift in Sources */,
				9FCE453F21AEF16E008AADC0 /* TextField.swift in Sources */,
				9F7CCE8021B40A5E000688D4 /* GameData.swift in Sources */,
				E7B3D2A91E61AFEB001579D6 /* ResultsView.swift in Sources */,
				9F8694C021C6A86F00088238 /* LoadingViewController.swift in Sources */,
				9F58514721CBE9C200ABC493 /* DataLayer.swift in Sources */,
				E7B3D2A31E5F2661001579D6 /* WordDetailViewController.swift in Sources */,
				E74DF91D1E5A5A810061275E /* BoggleTableViewCell.swift in Sources */,
				9F8694C421C6A95600088238 /* LoadingModel.swift in Sources */,
				E7A525501E6CB25300BCB328 /* MainView.swift in Sources */,
				9F39CC7A21DAB09E002212AA /* HttpErrorMessage.swift in Sources */,
				9FF3282721C5A7C700601161 /* DictionaryDataLoader.swift in Sources */,
				9F419DC121B6B48400C574EC /* WaitingForOthersView.swift in Sources */,
				E7B3D2A51E61AF12001579D6 /* ResultsViewController.swift in Sources */,
				9FF3282921C5A9D900601161 /* DictionaryWord.swift in Sources */,
				9F678A7121AEBA69002435A2 /* RegisterModel.swift in Sources */,
				9F7CCE7421B196A6000688D4 /* BaseService.swift in Sources */,
				E7A525521E6CB27B00BCB328 /* MainModel.swift in Sources */,
				9F678A6F21AEBA5D002435A2 /* RegisterView.swift in Sources */,
				9FB3A71821D7FE20007823B2 /* Invitiation.swift in Sources */,
				E7F19BCD1E48F7A600C0043F /* BoggleModel.swift in Sources */,
				9F8694C721C7D36E00088238 /* DataLoadingStatus.swift in Sources */,
				E74F01461E6B6C5D005065BB /* BoggleGame.swift in Sources */,
				9F7CCE7C21B388D3000688D4 /* AvailableGamesModel.swift in Sources */,
				9F7CCE7A21B388AE000688D4 /* AvailableGamesView.swift in Sources */,
				E77676E41E3A394B006B8739 /* BoggleViewController.swift in Sources */,
				E7B3D2AB1E61B500001579D6 /* BoggleWord.swift in Sources */,
				E7A525541E6CB7D200BCB328 /* GameHistoryViewController.swift in Sources */,
				E799D9431E55E98C00C19CC7 /* DictionaryService.swift in Sources */,
				E7A525561E6CB87100BCB328 /* GameHistoryView.swift in Sources */,
				E7B3D2A11E5F2648001579D6 /* WordDetailView.swift in Sources */,
				9F7CCE7E21B409DE000688D4 /* GamesService.swift in Sources */,
				E7A525581E6CB87C00BCB328 /* GameHistoryModel.swift in Sources */,
				9F419DBF21B6B3AA00C574EC /* WaitingForOthersViewController.swift in Sources */,
				E7FD0EBA1E65C0CE00C2E2F1 /* WordDetailModel.swift in Sources */,
				E77677131E3A3BEF006B8739 /* BoggleView.swift in Sources */,
				E7A5254E1E6CB1B500BCB328 /* MainViewController.swift in Sources */,
				9F7CCE7821B3880D000688D4 /* AvailableGamesViewController.swift in Sources */,
				E7A5255A1E6CBDFB00BCB328 /* BoggleGameTableViewCell.swift in Sources */,
				9F9A22AC21A5D6440027A7B4 /* GradientView.swift in Sources */,
				9F7CCE7021B021AB000688D4 /* ErrorMessage.swift in Sources */,
				9F7CCE7621B2B7A1000688D4 /* UserData.swift in Sources */,
				9F678A6D21AEB948002435A2 /* RegisterViewController.swift in Sources */,
				E77676E21E3A394B006B8739 /* AppDelegate.swift in Sources */,
			);
			runOnlyForDeploymentPostprocessing = 0;
		};
		E77676F11E3A394B006B8739 /* Sources */ = {
			isa = PBXSourcesBuildPhase;
			buildActionMask = 2147483647;
			files = (
				9F39CC7C21DBD6A9002212AA /* DictionaryDataLoaderTest.swift in Sources */,
				E7B3D2AD1E622698001579D6 /* ResultsModelTest.swift in Sources */,
				E7A608AF1E4CB85300D120CC /* BoggleModelTest.swift in Sources */,
			);
			runOnlyForDeploymentPostprocessing = 0;
		};
		E77676FC1E3A394B006B8739 /* Sources */ = {
			isa = PBXSourcesBuildPhase;
			buildActionMask = 2147483647;
			files = (
				E77677051E3A394B006B8739 /* AwesomeBoggleUITests.swift in Sources */,
			);
			runOnlyForDeploymentPostprocessing = 0;
		};
/* End PBXSourcesBuildPhase section */

/* Begin PBXTargetDependency section */
		E77676F71E3A394B006B8739 /* PBXTargetDependency */ = {
			isa = PBXTargetDependency;
			target = E77676DD1E3A394B006B8739 /* AwesomeBoggle */;
			targetProxy = E77676F61E3A394B006B8739 /* PBXContainerItemProxy */;
		};
		E77677021E3A394B006B8739 /* PBXTargetDependency */ = {
			isa = PBXTargetDependency;
			target = E77676DD1E3A394B006B8739 /* AwesomeBoggle */;
			targetProxy = E77677011E3A394B006B8739 /* PBXContainerItemProxy */;
		};
/* End PBXTargetDependency section */

/* Begin PBXVariantGroup section */
		E77676ED1E3A394B006B8739 /* LaunchScreen.storyboard */ = {
			isa = PBXVariantGroup;
			children = (
				E77676EE1E3A394B006B8739 /* Base */,
			);
			name = LaunchScreen.storyboard;
			sourceTree = "<group>";
		};
/* End PBXVariantGroup section */

/* Begin XCBuildConfiguration section */
		E77677071E3A394B006B8739 /* Debug */ = {
			isa = XCBuildConfiguration;
			buildSettings = {
				ALWAYS_SEARCH_USER_PATHS = NO;
				CLANG_ANALYZER_NONNULL = YES;
				CLANG_CXX_LANGUAGE_STANDARD = "gnu++0x";
				CLANG_CXX_LIBRARY = "libc++";
				CLANG_ENABLE_MODULES = YES;
				CLANG_ENABLE_OBJC_ARC = YES;
				CLANG_WARN_BLOCK_CAPTURE_AUTORELEASING = YES;
				CLANG_WARN_BOOL_CONVERSION = YES;
				CLANG_WARN_COMMA = YES;
				CLANG_WARN_CONSTANT_CONVERSION = YES;
				CLANG_WARN_DEPRECATED_OBJC_IMPLEMENTATIONS = YES;
				CLANG_WARN_DIRECT_OBJC_ISA_USAGE = YES_ERROR;
				CLANG_WARN_DOCUMENTATION_COMMENTS = YES;
				CLANG_WARN_EMPTY_BODY = YES;
				CLANG_WARN_ENUM_CONVERSION = YES;
				CLANG_WARN_INFINITE_RECURSION = YES;
				CLANG_WARN_INT_CONVERSION = YES;
				CLANG_WARN_NON_LITERAL_NULL_CONVERSION = YES;
				CLANG_WARN_OBJC_IMPLICIT_RETAIN_SELF = YES;
				CLANG_WARN_OBJC_LITERAL_CONVERSION = YES;
				CLANG_WARN_OBJC_ROOT_CLASS = YES_ERROR;
				CLANG_WARN_RANGE_LOOP_ANALYSIS = YES;
				CLANG_WARN_STRICT_PROTOTYPES = YES;
				CLANG_WARN_SUSPICIOUS_MOVE = YES;
				CLANG_WARN_UNREACHABLE_CODE = YES;
				CLANG_WARN__DUPLICATE_METHOD_MATCH = YES;
				"CODE_SIGN_IDENTITY[sdk=iphoneos*]" = "iPhone Developer";
				COPY_PHASE_STRIP = NO;
				DEBUG_INFORMATION_FORMAT = dwarf;
				ENABLE_STRICT_OBJC_MSGSEND = YES;
				ENABLE_TESTABILITY = YES;
				GCC_C_LANGUAGE_STANDARD = gnu99;
				GCC_DYNAMIC_NO_PIC = NO;
				GCC_NO_COMMON_BLOCKS = YES;
				GCC_OPTIMIZATION_LEVEL = 0;
				GCC_PREPROCESSOR_DEFINITIONS = (
					"DEBUG=1",
					"$(inherited)",
				);
				GCC_WARN_64_TO_32_BIT_CONVERSION = YES;
				GCC_WARN_ABOUT_RETURN_TYPE = YES_ERROR;
				GCC_WARN_UNDECLARED_SELECTOR = YES;
				GCC_WARN_UNINITIALIZED_AUTOS = YES_AGGRESSIVE;
				GCC_WARN_UNUSED_FUNCTION = YES;
				GCC_WARN_UNUSED_VARIABLE = YES;
				IPHONEOS_DEPLOYMENT_TARGET = 10.2;
				MTL_ENABLE_DEBUG_INFO = YES;
				ONLY_ACTIVE_ARCH = YES;
				SDKROOT = iphoneos;
				SWIFT_ACTIVE_COMPILATION_CONDITIONS = DEBUG;
				SWIFT_OPTIMIZATION_LEVEL = "-Onone";
				SWIFT_VERSION = 4.2;
			};
			name = Debug;
		};
		E77677081E3A394B006B8739 /* Release */ = {
			isa = XCBuildConfiguration;
			buildSettings = {
				ALWAYS_SEARCH_USER_PATHS = NO;
				CLANG_ANALYZER_NONNULL = YES;
				CLANG_CXX_LANGUAGE_STANDARD = "gnu++0x";
				CLANG_CXX_LIBRARY = "libc++";
				CLANG_ENABLE_MODULES = YES;
				CLANG_ENABLE_OBJC_ARC = YES;
				CLANG_WARN_BLOCK_CAPTURE_AUTORELEASING = YES;
				CLANG_WARN_BOOL_CONVERSION = YES;
				CLANG_WARN_COMMA = YES;
				CLANG_WARN_CONSTANT_CONVERSION = YES;
				CLANG_WARN_DEPRECATED_OBJC_IMPLEMENTATIONS = YES;
				CLANG_WARN_DIRECT_OBJC_ISA_USAGE = YES_ERROR;
				CLANG_WARN_DOCUMENTATION_COMMENTS = YES;
				CLANG_WARN_EMPTY_BODY = YES;
				CLANG_WARN_ENUM_CONVERSION = YES;
				CLANG_WARN_INFINITE_RECURSION = YES;
				CLANG_WARN_INT_CONVERSION = YES;
				CLANG_WARN_NON_LITERAL_NULL_CONVERSION = YES;
				CLANG_WARN_OBJC_IMPLICIT_RETAIN_SELF = YES;
				CLANG_WARN_OBJC_LITERAL_CONVERSION = YES;
				CLANG_WARN_OBJC_ROOT_CLASS = YES_ERROR;
				CLANG_WARN_RANGE_LOOP_ANALYSIS = YES;
				CLANG_WARN_STRICT_PROTOTYPES = YES;
				CLANG_WARN_SUSPICIOUS_MOVE = YES;
				CLANG_WARN_UNREACHABLE_CODE = YES;
				CLANG_WARN__DUPLICATE_METHOD_MATCH = YES;
				"CODE_SIGN_IDENTITY[sdk=iphoneos*]" = "iPhone Developer";
				COPY_PHASE_STRIP = NO;
				DEBUG_INFORMATION_FORMAT = "dwarf-with-dsym";
				ENABLE_NS_ASSERTIONS = NO;
				ENABLE_STRICT_OBJC_MSGSEND = YES;
				GCC_C_LANGUAGE_STANDARD = gnu99;
				GCC_NO_COMMON_BLOCKS = YES;
				GCC_WARN_64_TO_32_BIT_CONVERSION = YES;
				GCC_WARN_ABOUT_RETURN_TYPE = YES_ERROR;
				GCC_WARN_UNDECLARED_SELECTOR = YES;
				GCC_WARN_UNINITIALIZED_AUTOS = YES_AGGRESSIVE;
				GCC_WARN_UNUSED_FUNCTION = YES;
				GCC_WARN_UNUSED_VARIABLE = YES;
				IPHONEOS_DEPLOYMENT_TARGET = 10.2;
				MTL_ENABLE_DEBUG_INFO = NO;
				SDKROOT = iphoneos;
				SWIFT_OPTIMIZATION_LEVEL = "-Owholemodule";
				SWIFT_VERSION = 4.2;
				VALIDATE_PRODUCT = YES;
			};
			name = Release;
		};
		E776770A1E3A394B006B8739 /* Debug */ = {
			isa = XCBuildConfiguration;
			baseConfigurationReference = EFB8B94730E7791494BA5DDE /* Pods-AwesomeBoggle.debug.xcconfig */;
			buildSettings = {
				ASSETCATALOG_COMPILER_APPICON_NAME = AppIcon;
				DEVELOPMENT_TEAM = 2A4BC23G3E;
				INFOPLIST_FILE = AwesomeBoggle/Info.plist;
				LD_RUNPATH_SEARCH_PATHS = "$(inherited) @executable_path/Frameworks";
				PRODUCT_BUNDLE_IDENTIFIER = net.todd.AwesomeBoggle;
				PRODUCT_NAME = "$(TARGET_NAME)";
				SWIFT_SWIFT3_OBJC_INFERENCE = On;
				SWIFT_VERSION = 4.0;
			};
			name = Debug;
		};
		E776770B1E3A394B006B8739 /* Release */ = {
			isa = XCBuildConfiguration;
			baseConfigurationReference = 2A610691C0D424E885DA4E4F /* Pods-AwesomeBoggle.release.xcconfig */;
			buildSettings = {
				ASSETCATALOG_COMPILER_APPICON_NAME = AppIcon;
				DEVELOPMENT_TEAM = 2A4BC23G3E;
				INFOPLIST_FILE = AwesomeBoggle/Info.plist;
				LD_RUNPATH_SEARCH_PATHS = "$(inherited) @executable_path/Frameworks";
				PRODUCT_BUNDLE_IDENTIFIER = net.todd.AwesomeBoggle;
				PRODUCT_NAME = "$(TARGET_NAME)";
				SWIFT_SWIFT3_OBJC_INFERENCE = On;
				SWIFT_VERSION = 4.0;
			};
			name = Release;
		};
		E776770D1E3A394B006B8739 /* Debug */ = {
			isa = XCBuildConfiguration;
			buildSettings = {
				ALWAYS_EMBED_SWIFT_STANDARD_LIBRARIES = YES;
				BUNDLE_LOADER = "$(TEST_HOST)";
				DEVELOPMENT_TEAM = 2A4BC23G3E;
				INFOPLIST_FILE = AwesomeBoggleTests/Info.plist;
				LD_RUNPATH_SEARCH_PATHS = "$(inherited) @executable_path/Frameworks @loader_path/Frameworks";
				PRODUCT_BUNDLE_IDENTIFIER = net.todd.AwesomeBoggleTests;
				PRODUCT_NAME = "$(TARGET_NAME)";
				SWIFT_SWIFT3_OBJC_INFERENCE = On;
				SWIFT_VERSION = 4.0;
				TEST_HOST = "$(BUILT_PRODUCTS_DIR)/AwesomeBoggle.app/AwesomeBoggle";
			};
			name = Debug;
		};
		E776770E1E3A394B006B8739 /* Release */ = {
			isa = XCBuildConfiguration;
			buildSettings = {
				ALWAYS_EMBED_SWIFT_STANDARD_LIBRARIES = YES;
				BUNDLE_LOADER = "$(TEST_HOST)";
				DEVELOPMENT_TEAM = 2A4BC23G3E;
				INFOPLIST_FILE = AwesomeBoggleTests/Info.plist;
				LD_RUNPATH_SEARCH_PATHS = "$(inherited) @executable_path/Frameworks @loader_path/Frameworks";
				PRODUCT_BUNDLE_IDENTIFIER = net.todd.AwesomeBoggleTests;
				PRODUCT_NAME = "$(TARGET_NAME)";
				SWIFT_SWIFT3_OBJC_INFERENCE = On;
				SWIFT_VERSION = 4.0;
				TEST_HOST = "$(BUILT_PRODUCTS_DIR)/AwesomeBoggle.app/AwesomeBoggle";
			};
			name = Release;
		};
		E77677101E3A394B006B8739 /* Debug */ = {
			isa = XCBuildConfiguration;
			buildSettings = {
				ALWAYS_EMBED_SWIFT_STANDARD_LIBRARIES = YES;
				DEVELOPMENT_TEAM = 2A4BC23G3E;
				INFOPLIST_FILE = AwesomeBoggleUITests/Info.plist;
				LD_RUNPATH_SEARCH_PATHS = "$(inherited) @executable_path/Frameworks @loader_path/Frameworks";
				PRODUCT_BUNDLE_IDENTIFIER = net.todd.AwesomeBoggleUITests;
				PRODUCT_NAME = "$(TARGET_NAME)";
				SWIFT_SWIFT3_OBJC_INFERENCE = On;
				SWIFT_VERSION = 4.0;
				TEST_TARGET_NAME = AwesomeBoggle;
			};
			name = Debug;
		};
		E77677111E3A394B006B8739 /* Release */ = {
			isa = XCBuildConfiguration;
			buildSettings = {
				ALWAYS_EMBED_SWIFT_STANDARD_LIBRARIES = YES;
				DEVELOPMENT_TEAM = 2A4BC23G3E;
				INFOPLIST_FILE = AwesomeBoggleUITests/Info.plist;
				LD_RUNPATH_SEARCH_PATHS = "$(inherited) @executable_path/Frameworks @loader_path/Frameworks";
				PRODUCT_BUNDLE_IDENTIFIER = net.todd.AwesomeBoggleUITests;
				PRODUCT_NAME = "$(TARGET_NAME)";
				SWIFT_SWIFT3_OBJC_INFERENCE = On;
				SWIFT_VERSION = 4.0;
				TEST_TARGET_NAME = AwesomeBoggle;
			};
			name = Release;
		};
/* End XCBuildConfiguration section */

/* Begin XCConfigurationList section */
		E77676D91E3A394B006B8739 /* Build configuration list for PBXProject "AwesomeBoggle" */ = {
			isa = XCConfigurationList;
			buildConfigurations = (
				E77677071E3A394B006B8739 /* Debug */,
				E77677081E3A394B006B8739 /* Release */,
			);
			defaultConfigurationIsVisible = 0;
			defaultConfigurationName = Release;
		};
		E77677091E3A394B006B8739 /* Build configuration list for PBXNativeTarget "AwesomeBoggle" */ = {
			isa = XCConfigurationList;
			buildConfigurations = (
				E776770A1E3A394B006B8739 /* Debug */,
				E776770B1E3A394B006B8739 /* Release */,
			);
			defaultConfigurationIsVisible = 0;
			defaultConfigurationName = Release;
		};
		E776770C1E3A394B006B8739 /* Build configuration list for PBXNativeTarget "AwesomeBoggleTests" */ = {
			isa = XCConfigurationList;
			buildConfigurations = (
				E776770D1E3A394B006B8739 /* Debug */,
				E776770E1E3A394B006B8739 /* Release */,
			);
			defaultConfigurationIsVisible = 0;
			defaultConfigurationName = Release;
		};
		E776770F1E3A394B006B8739 /* Build configuration list for PBXNativeTarget "AwesomeBoggleUITests" */ = {
			isa = XCConfigurationList;
			buildConfigurations = (
				E77677101E3A394B006B8739 /* Debug */,
				E77677111E3A394B006B8739 /* Release */,
			);
			defaultConfigurationIsVisible = 0;
			defaultConfigurationName = Release;
		};
/* End XCConfigurationList section */
	};
	rootObject = E77676D61E3A394B006B8739 /* Project object */;
}
